
Microsoft Visual Studio Solution File, Format Version 12.00
# Visual Studio Version 16
VisualStudioVersion = 16.0.31729.503
MinimumVisualStudioVersion = 10.0.40219.1
Project("{FAE04EC0-301F-11D3-BF4B-00C04F79EFBC}") = "LostPet", "LostPet\LostPet.csproj", "{A221ADCD-4197-43B9-8EB3-F5B01E306695}"
EndProject
Global
	GlobalSection(SolutionConfigurationPlatforms) = preSolution
		Debug|Any CPU = Debug|Any CPU
		Release|Any CPU = Release|Any CPU
	EndGlobalSection
	GlobalSection(ProjectConfigurationPlatforms) = postSolution
		{A221ADCD-4197-43B9-8EB3-F5B01E306695}.Debug|Any CPU.ActiveCfg = Debug|Any CPU
		{A221ADCD-4197-43B9-8EB3-F5B01E306695}.Debug|Any CPU.Build.0 = Debug|Any CPU
		{A221ADCD-4197-43B9-8EB3-F5B01E306695}.Release|Any CPU.ActiveCfg = Release|Any CPU
		{A221ADCD-4197-43B9-8EB3-F5B01E306695}.Release|Any CPU.Build.0 = Release|Any CPU
	EndGlobalSection
	GlobalSection(SolutionProperties) = preSolution
		HideSolutionNode = FALSE
	EndGlobalSection
	GlobalSection(ExtensibilityGlobals) = postSolution
		SolutionGuid = {7568BE1B-4DBD-4D1C-8295-D54A9FE86926}
	EndGlobalSection
EndGlobal
